
Microsoft Visual Studio Solution File, Format Version 12.00
# Visual Studio 2013
VisualStudioVersion = 12.0.30723.0
MinimumVisualStudioVersion = 10.0.40219.1
Project("{8BC9CEB8-8B4A-11D0-8D11-00A0C91BC942}") = "Polynomial", "Polynomial\Polynomial.vcxproj", "{4AAE50B6-42A1-40E7-B77C-A5E7C84F44CC}"
EndProject
Project("{8BC9CEB8-8B4A-11D0-8D11-00A0C91BC942}") = "Josephus", "Josephus\Josephus.vcxproj", "{E4D50BE6-824F-45DB-BBAC-8A1CE206B464}"
EndProject
Project("{8BC9CEB8-8B4A-11D0-8D11-00A0C91BC942}") = "Calculator", "Calculator\Calculator.vcxproj", "{9316CDF2-63E1-45DE-ADB1-83A5FD94F706}"
EndProject
Project("{8BC9CEB8-8B4A-11D0-8D11-00A0C91BC942}") = "Tree", "Tree\Tree.vcxproj", "{032ED966-9604-423B-BE3E-DD362DEE1AA2}"
EndProject
Global
	GlobalSection(SolutionConfigurationPlatforms) = preSolution
		Debug|Win32 = Debug|Win32
		Release|Win32 = Release|Win32
	EndGlobalSection
	GlobalSection(ProjectConfigurationPlatforms) = postSolution
		{4AAE50B6-42A1-40E7-B77C-A5E7C84F44CC}.Debug|Win32.ActiveCfg = Debug|Win32
		{4AAE50B6-42A1-40E7-B77C-A5E7C84F44CC}.Debug|Win32.Build.0 = Debug|Win32
		{4AAE50B6-42A1-40E7-B77C-A5E7C84F44CC}.Release|Win32.ActiveCfg = Release|Win32
		{4AAE50B6-42A1-40E7-B77C-A5E7C84F44CC}.Release|Win32.Build.0 = Release|Win32
		{E4D50BE6-824F-45DB-BBAC-8A1CE206B464}.Debug|Win32.ActiveCfg = Debug|Win32
		{E4D50BE6-824F-45DB-BBAC-8A1CE206B464}.Debug|Win32.Build.0 = Debug|Win32
		{E4D50BE6-824F-45DB-BBAC-8A1CE206B464}.Release|Win32.ActiveCfg = Release|Win32
		{E4D50BE6-824F-45DB-BBAC-8A1CE206B464}.Release|Win32.Build.0 = Release|Win32
		{9316CDF2-63E1-45DE-ADB1-83A5FD94F706}.Debug|Win32.ActiveCfg = Debug|Win32
		{9316CDF2-63E1-45DE-ADB1-83A5FD94F706}.Debug|Win32.Build.0 = Debug|Win32
		{9316CDF2-63E1-45DE-ADB1-83A5FD94F706}.Release|Win32.ActiveCfg = Release|Win32
		{9316CDF2-63E1-45DE-ADB1-83A5FD94F706}.Release|Win32.Build.0 = Release|Win32
		{032ED966-9604-423B-BE3E-DD362DEE1AA2}.Debug|Win32.ActiveCfg = Debug|Win32
		{032ED966-9604-423B-BE3E-DD362DEE1AA2}.Debug|Win32.Build.0 = Debug|Win32
		{032ED966-9604-423B-BE3E-DD362DEE1AA2}.Release|Win32.ActiveCfg = Release|Win32
		{032ED966-9604-423B-BE3E-DD362DEE1AA2}.Release|Win32.Build.0 = Release|Win32
	EndGlobalSection
	GlobalSection(SolutionProperties) = preSolution
		HideSolutionNode = FALSE
	EndGlobalSection
EndGlobal
