
Microsoft Visual Studio Solution File, Format Version 12.00
# Visual Studio 2013
VisualStudioVersion = 12.0.30723.0
MinimumVisualStudioVersion = 10.0.40219.1
Project("{8BC9CEB8-8B4A-11D0-8D11-00A0C91BC942}") = "Polynomial", "Polynomial\Polynomial.vcxproj", "{AB5CFF6F-F482-4E6C-9B84-B573DC40BE32}"
EndProject
Project("{8BC9CEB8-8B4A-11D0-8D11-00A0C91BC942}") = "Insert", "..\Insert\Insert\Insert.vcxproj", "{7FE28E5C-40AE-438C-97B4-85D06DF5CF37}"
EndProject
Project("{8BC9CEB8-8B4A-11D0-8D11-00A0C91BC942}") = "Array", "..\Array\Array\Array.vcxproj", "{57EF0BBE-019F-47DC-A238-0150EA4176C7}"
EndProject
Project("{8BC9CEB8-8B4A-11D0-8D11-00A0C91BC942}") = "ClassPractice", "..\ClassPractice\ClassPractice\ClassPractice.vcxproj", "{835E0998-6C05-46E0-9547-D09FD04A477D}"
EndProject
Project("{8BC9CEB8-8B4A-11D0-8D11-00A0C91BC942}") = "Hello", "..\Hello\Hello\Hello.vcxproj", "{5AC4D2BB-571F-4831-99E8-C7BF4CA9B69E}"
EndProject
Global
	GlobalSection(SolutionConfigurationPlatforms) = preSolution
		Debug|Win32 = Debug|Win32
		Release|Win32 = Release|Win32
	EndGlobalSection
	GlobalSection(ProjectConfigurationPlatforms) = postSolution
		{AB5CFF6F-F482-4E6C-9B84-B573DC40BE32}.Debug|Win32.ActiveCfg = Debug|Win32
		{AB5CFF6F-F482-4E6C-9B84-B573DC40BE32}.Debug|Win32.Build.0 = Debug|Win32
		{AB5CFF6F-F482-4E6C-9B84-B573DC40BE32}.Release|Win32.ActiveCfg = Release|Win32
		{AB5CFF6F-F482-4E6C-9B84-B573DC40BE32}.Release|Win32.Build.0 = Release|Win32
		{7FE28E5C-40AE-438C-97B4-85D06DF5CF37}.Debug|Win32.ActiveCfg = Debug|Win32
		{7FE28E5C-40AE-438C-97B4-85D06DF5CF37}.Debug|Win32.Build.0 = Debug|Win32
		{7FE28E5C-40AE-438C-97B4-85D06DF5CF37}.Release|Win32.ActiveCfg = Release|Win32
		{7FE28E5C-40AE-438C-97B4-85D06DF5CF37}.Release|Win32.Build.0 = Release|Win32
		{57EF0BBE-019F-47DC-A238-0150EA4176C7}.Debug|Win32.ActiveCfg = Debug|Win32
		{57EF0BBE-019F-47DC-A238-0150EA4176C7}.Debug|Win32.Build.0 = Debug|Win32
		{57EF0BBE-019F-47DC-A238-0150EA4176C7}.Release|Win32.ActiveCfg = Release|Win32
		{57EF0BBE-019F-47DC-A238-0150EA4176C7}.Release|Win32.Build.0 = Release|Win32
		{835E0998-6C05-46E0-9547-D09FD04A477D}.Debug|Win32.ActiveCfg = Debug|Win32
		{835E0998-6C05-46E0-9547-D09FD04A477D}.Debug|Win32.Build.0 = Debug|Win32
		{835E0998-6C05-46E0-9547-D09FD04A477D}.Release|Win32.ActiveCfg = Release|Win32
		{835E0998-6C05-46E0-9547-D09FD04A477D}.Release|Win32.Build.0 = Release|Win32
		{5AC4D2BB-571F-4831-99E8-C7BF4CA9B69E}.Debug|Win32.ActiveCfg = Debug|Win32
		{5AC4D2BB-571F-4831-99E8-C7BF4CA9B69E}.Debug|Win32.Build.0 = Debug|Win32
		{5AC4D2BB-571F-4831-99E8-C7BF4CA9B69E}.Release|Win32.ActiveCfg = Release|Win32
		{5AC4D2BB-571F-4831-99E8-C7BF4CA9B69E}.Release|Win32.Build.0 = Release|Win32
	EndGlobalSection
	GlobalSection(SolutionProperties) = preSolution
		HideSolutionNode = FALSE
	EndGlobalSection
EndGlobal
